
Microsoft Visual Studio Solution File, Format Version 12.00
# Visual Studio Version 16
VisualStudioVersion = 16.0.29503.13
MinimumVisualStudioVersion = 10.0.40219.1
Project("{FAE04EC0-301F-11D3-BF4B-00C04F79EFBC}") = "VSIXProject1", "VSIXProject1\VSIXProject1.csproj", "{674CCD2A-2EC0-4DDB-AA04-317C904808A5}"
EndProject
Global
	GlobalSection(SolutionConfigurationPlatforms) = preSolution
		Debug|Any CPU = Debug|Any CPU
		Release|Any CPU = Release|Any CPU
	EndGlobalSection
	GlobalSection(ProjectConfigurationPlatforms) = postSolution
		{674CCD2A-2EC0-4DDB-AA04-317C904808A5}.Debug|Any CPU.ActiveCfg = Debug|Any CPU
		{674CCD2A-2EC0-4DDB-AA04-317C904808A5}.Debug|Any CPU.Build.0 = Debug|Any CPU
		{674CCD2A-2EC0-4DDB-AA04-317C904808A5}.Release|Any CPU.ActiveCfg = Release|Any CPU
		{674CCD2A-2EC0-4DDB-AA04-317C904808A5}.Release|Any CPU.Build.0 = Release|Any CPU
	EndGlobalSection
	GlobalSection(SolutionProperties) = preSolution
		HideSolutionNode = FALSE
	EndGlobalSection
	GlobalSection(ExtensibilityGlobals) = postSolution
		SolutionGuid = {F6E018BD-9404-46F8-A681-AFAEC9D5FB29}
	EndGlobalSection
EndGlobal
